
Microsoft Visual Studio Solution File, Format Version 12.00
# Visual Studio 15
VisualStudioVersion = 15.0.26730.16
MinimumVisualStudioVersion = 10.0.40219.1
Project("{FAE04EC0-301F-11D3-BF4B-00C04F79EFBC}") = "AreasDevidedWebSite", "AreasDevidedWebSite\AreasDevidedWebSite.csproj", "{823CC6AD-52DD-4971-988D-F61E516F1D28}"
EndProject
Global
	GlobalSection(SolutionConfigurationPlatforms) = preSolution
		Debug|Any CPU = Debug|Any CPU
		Release|Any CPU = Release|Any CPU
	EndGlobalSection
	GlobalSection(ProjectConfigurationPlatforms) = postSolution
		{823CC6AD-52DD-4971-988D-F61E516F1D28}.Debug|Any CPU.ActiveCfg = Debug|Any CPU
		{823CC6AD-52DD-4971-988D-F61E516F1D28}.Debug|Any CPU.Build.0 = Debug|Any CPU
		{823CC6AD-52DD-4971-988D-F61E516F1D28}.Release|Any CPU.ActiveCfg = Release|Any CPU
		{823CC6AD-52DD-4971-988D-F61E516F1D28}.Release|Any CPU.Build.0 = Release|Any CPU
	EndGlobalSection
	GlobalSection(SolutionProperties) = preSolution
		HideSolutionNode = FALSE
	EndGlobalSection
	GlobalSection(ExtensibilityGlobals) = postSolution
		SolutionGuid = {56697EAE-92B4-44B3-88EA-3B44AFAB061F}
	EndGlobalSection
EndGlobal
